# This file is automatically @generated by Cargo.
# It is not intended for manual editing.
version = 4

[[package]]
name = "clawpi-core"
version = "0.1.0"

[[package]]
name = "clawpi-ctl"
version = "0.1.0"
dependencies = [
 "clawpi-core",
]

[[package]]
name = "clawpi-init"
version = "0.1.0"
dependencies = [
 "clawpi-core",
]

[[package]]
name = "clawpi-setupd"
version = "0.1.0"
dependencies = [
 "clawpi-core",
]
